
Microsoft Visual Studio Solution File, Format Version 12.00
# Visual Studio 2017
Project("{FAE04EC0-301F-11D3-BF4B-00C04F79EFBC}") = "Game-asp", "Game-asp.csproj", "{6F066FAD-87D3-422E-AAA3-D6410B4E08F2}"
EndProject
Global
	GlobalSection(SolutionConfigurationPlatforms) = preSolution
		Debug|Any CPU = Debug|Any CPU
		Release|Any CPU = Release|Any CPU
	EndGlobalSection
	GlobalSection(ProjectConfigurationPlatforms) = postSolution
		{6F066FAD-87D3-422E-AAA3-D6410B4E08F2}.Debug|Any CPU.ActiveCfg = Debug|Any CPU
		{6F066FAD-87D3-422E-AAA3-D6410B4E08F2}.Debug|Any CPU.Build.0 = Debug|Any CPU
		{6F066FAD-87D3-422E-AAA3-D6410B4E08F2}.Release|Any CPU.ActiveCfg = Release|Any CPU
		{6F066FAD-87D3-422E-AAA3-D6410B4E08F2}.Release|Any CPU.Build.0 = Release|Any CPU
	EndGlobalSection
EndGlobal
